
Microsoft Visual Studio Solution File, Format Version 12.00
# Visual Studio Version 17
VisualStudioVersion = 17.4.33205.214
MinimumVisualStudioVersion = 10.0.40219.1
Project("{9A19103F-16F7-4668-BE54-9A1E7A4F7556}") = "MarginCoin", "MarginCoin.csproj", "{41CF648C-CF0E-47EA-813F-9853C1E7AED2}"
EndProject
Global
	GlobalSection(SolutionConfigurationPlatforms) = preSolution
		Debug|Any CPU = Debug|Any CPU
		Release|Any CPU = Release|Any CPU
	EndGlobalSection
	GlobalSection(ProjectConfigurationPlatforms) = postSolution
		{41CF648C-CF0E-47EA-813F-9853C1E7AED2}.Debug|Any CPU.ActiveCfg = Debug|Any CPU
		{41CF648C-CF0E-47EA-813F-9853C1E7AED2}.Debug|Any CPU.Build.0 = Debug|Any CPU
		{41CF648C-CF0E-47EA-813F-9853C1E7AED2}.Release|Any CPU.ActiveCfg = Release|Any CPU
		{41CF648C-CF0E-47EA-813F-9853C1E7AED2}.Release|Any CPU.Build.0 = Release|Any CPU
	EndGlobalSection
	GlobalSection(SolutionProperties) = preSolution
		HideSolutionNode = FALSE
	EndGlobalSection
	GlobalSection(ExtensibilityGlobals) = postSolution
		SolutionGuid = {2006DF0D-4ADB-402D-B917-0A0D28546075}
	EndGlobalSection
EndGlobal
